Microsoft Visual Studio Solution File, Format Version 12.00
# Visual Studio Version 17
VisualStudioVersion = 17.5.2.0
MinimumVisualStudioVersion = 10.0.40219.1
Project("{2150E333-8FDC-42A3-9474-1A3956D46DE8}") = "tools", "tools", "{07C2787E-EAC7-C090-1BA3-A61EC2A24D84}"
EndProject
Project("{2150E333-8FDC-42A3-9474-1A3956D46DE8}") = "build", "build", "{DEE5DD87-39C1-BF34-B639-A387DCCF972B}"
EndProject
Project("{2150E333-8FDC-42A3-9474-1A3956D46DE8}") = "installer", "installer", "{83B09282-9894-4639-B56C-2015F9DF13FF}"
EndProject
Project("{FAE04EC0-301F-11D3-BF4B-00C04F79EFBC}") = "SST.Installer", "tools\installer\SST.Installer.csproj", "{DBA07464-A856-ECAB-4C10-F0252E5F41C8}"
EndProject
Project("{2150E333-8FDC-42A3-9474-1A3956D46DE8}") = "manager", "manager", "{FAC5AF51-D266-5165-AE23-E0225697AEA4}"
EndProject
Project("{FAE04EC0-301F-11D3-BF4B-00C04F79EFBC}") = "SST.Manager", "tools\manager\SST.Manager.csproj", "{143A4C4E-22EF-8802-7E1B-BF863278983F}"
EndProject
Project("{2150E333-8FDC-42A3-9474-1A3956D46DE8}") = "SST-Installer", "SST-Installer", "{B099ADC5-F0EB-7DD9-8211-E49FCC32202A}"
EndProject
Project("{2150E333-8FDC-42A3-9474-1A3956D46DE8}") = "payload", "payload", "{FE7BECC8-417F-F557-BD0D-7E3FE5C06211}"
EndProject
Project("{2150E333-8FDC-42A3-9474-1A3956D46DE8}") = "SST", "SST", "{7A2A3124-D9D6-9465-7F18-9D94C210EA99}"
EndProject
Project("{2150E333-8FDC-42A3-9474-1A3956D46DE8}") = "tools", "tools", "{976F146D-F8B8-E54A-6536-4681FE43CA16}"
EndProject
Project("{2150E333-8FDC-42A3-9474-1A3956D46DE8}") = "installer", "installer", "{FCD52B41-E152-ED69-95A0-E042A5A7E43C}"
EndProject
Project("{FAE04EC0-301F-11D3-BF4B-00C04F79EFBC}") = "SST.Installer", "build\SST-Installer\payload\SST\tools\installer\SST.Installer.csproj", "{2B4B687A-49FA-DDB5-1679-0708E9C01E99}"
EndProject
Project("{2150E333-8FDC-42A3-9474-1A3956D46DE8}") = "manager", "manager", "{5BD0BE7B-E348-9588-0C42-50CB25FF6E52}"
EndProject
Project("{FAE04EC0-301F-11D3-BF4B-00C04F79EFBC}") = "SST.Manager", "build\SST-Installer\payload\SST\tools\manager\SST.Manager.csproj", "{6902F250-FDCA-7DE4-967B-218144407D09}"
EndProject
Global
	GlobalSection(SolutionConfigurationPlatforms) = preSolution
		Debug|Any CPU = Debug|Any CPU
		Release|Any CPU = Release|Any CPU
	EndGlobalSection
	GlobalSection(ProjectConfigurationPlatforms) = postSolution
		{DBA07464-A856-ECAB-4C10-F0252E5F41C8}.Debug|Any CPU.ActiveCfg = Debug|Any CPU
		{DBA07464-A856-ECAB-4C10-F0252E5F41C8}.Debug|Any CPU.Build.0 = Debug|Any CPU
		{DBA07464-A856-ECAB-4C10-F0252E5F41C8}.Release|Any CPU.ActiveCfg = Release|Any CPU
		{DBA07464-A856-ECAB-4C10-F0252E5F41C8}.Release|Any CPU.Build.0 = Release|Any CPU
		{143A4C4E-22EF-8802-7E1B-BF863278983F}.Debug|Any CPU.ActiveCfg = Debug|Any CPU
		{143A4C4E-22EF-8802-7E1B-BF863278983F}.Debug|Any CPU.Build.0 = Debug|Any CPU
		{143A4C4E-22EF-8802-7E1B-BF863278983F}.Release|Any CPU.ActiveCfg = Release|Any CPU
		{143A4C4E-22EF-8802-7E1B-BF863278983F}.Release|Any CPU.Build.0 = Release|Any CPU
		{2B4B687A-49FA-DDB5-1679-0708E9C01E99}.Debug|Any CPU.ActiveCfg = Debug|Any CPU
		{2B4B687A-49FA-DDB5-1679-0708E9C01E99}.Debug|Any CPU.Build.0 = Debug|Any CPU
		{2B4B687A-49FA-DDB5-1679-0708E9C01E99}.Release|Any CPU.ActiveCfg = Release|Any CPU
		{2B4B687A-49FA-DDB5-1679-0708E9C01E99}.Release|Any CPU.Build.0 = Release|Any CPU
		{6902F250-FDCA-7DE4-967B-218144407D09}.Debug|Any CPU.ActiveCfg = Debug|Any CPU
		{6902F250-FDCA-7DE4-967B-218144407D09}.Debug|Any CPU.Build.0 = Debug|Any CPU
		{6902F250-FDCA-7DE4-967B-218144407D09}.Release|Any CPU.ActiveCfg = Release|Any CPU
		{6902F250-FDCA-7DE4-967B-218144407D09}.Release|Any CPU.Build.0 = Release|Any CPU
	EndGlobalSection
	GlobalSection(SolutionProperties) = preSolution
		HideSolutionNode = FALSE
	EndGlobalSection
	GlobalSection(NestedProjects) = preSolution
		{83B09282-9894-4639-B56C-2015F9DF13FF} = {07C2787E-EAC7-C090-1BA3-A61EC2A24D84}
		{DBA07464-A856-ECAB-4C10-F0252E5F41C8} = {83B09282-9894-4639-B56C-2015F9DF13FF}
		{FAC5AF51-D266-5165-AE23-E0225697AEA4} = {07C2787E-EAC7-C090-1BA3-A61EC2A24D84}
		{143A4C4E-22EF-8802-7E1B-BF863278983F} = {FAC5AF51-D266-5165-AE23-E0225697AEA4}
		{B099ADC5-F0EB-7DD9-8211-E49FCC32202A} = {DEE5DD87-39C1-BF34-B639-A387DCCF972B}
		{FE7BECC8-417F-F557-BD0D-7E3FE5C06211} = {B099ADC5-F0EB-7DD9-8211-E49FCC32202A}
		{7A2A3124-D9D6-9465-7F18-9D94C210EA99} = {FE7BECC8-417F-F557-BD0D-7E3FE5C06211}
		{976F146D-F8B8-E54A-6536-4681FE43CA16} = {7A2A3124-D9D6-9465-7F18-9D94C210EA99}
		{FCD52B41-E152-ED69-95A0-E042A5A7E43C} = {976F146D-F8B8-E54A-6536-4681FE43CA16}
		{2B4B687A-49FA-DDB5-1679-0708E9C01E99} = {FCD52B41-E152-ED69-95A0-E042A5A7E43C}
		{5BD0BE7B-E348-9588-0C42-50CB25FF6E52} = {976F146D-F8B8-E54A-6536-4681FE43CA16}
		{6902F250-FDCA-7DE4-967B-218144407D09} = {5BD0BE7B-E348-9588-0C42-50CB25FF6E52}
	EndGlobalSection
	GlobalSection(ExtensibilityGlobals) = postSolution
		SolutionGuid = {8F01C6BE-55F3-4261-8446-B2E98863EEA4}
	EndGlobalSection
EndGlobal
